// !$*UTF8*$!
{
	archiveVersion = 1;
	classes = {
	};
	objectVersion = 46;
	objects = {

/* Begin PBXBuildFile section */
		279821E41BB4F9A6009CFE09 /* AppDelegate.swift in Sources */ = {isa = PBXBuildFile; fileRef = 279821E31BB4F9A6009CFE09 /* AppDelegate.swift */; };
		279821E61BB4F9A6009CFE09 /* ViewController.swift in Sources */ = {isa = PBXBuildFile; fileRef = 279821E51BB4F9A6009CFE09 /* ViewController.swift */; };
		279821E91BB4F9A6009CFE09 /* Main.storyboard in Resources */ = {isa = PBXBuildFile; fileRef = 279821E71BB4F9A6009CFE09 /* Main.storyboard */; };
		279821EB1BB4F9A6009CFE09 /* Images.xcassets in Resources */ = {isa = PBXBuildFile; fileRef = 279821EA1BB4F9A6009CFE09 /* Images.xcassets */; };
		279821EE1BB4F9A6009CFE09 /* LaunchScreen.xib in Resources */ = {isa = PBXBuildFile; fileRef = 279821EC1BB4F9A6009CFE09 /* LaunchScreen.xib */; };
		279821FA1BB4F9A6009CFE09 /* Stop_WatchTests.swift in Sources */ = {isa = PBXBuildFile; fileRef = 279821F91BB4F9A6009CFE09 /* Stop_WatchTests.swift */; };
/* End PBXBuildFile section */

/* Begin PBXContainerItemProxy section */
		279821F41BB4F9A6009CFE09 /* PBXContainerItemProxy */ = {
			isa = PBXContainerItemProxy;
			containerPortal = 279821D61BB4F9A6009CFE09 /* Project object */;
			proxyType = 1;
			remoteGlobalIDString = 279821DD1BB4F9A6009CFE09;
			remoteInfo = "Stop Watch";
		};
/* End PBXContainerItemProxy section */

/* Begin PBXFileReference section */
		279821DE1BB4F9A6009CFE09 /* Stop Watch.app */ = {isa = PBXFileReference; explicitFileType = wrapper.application; includeInIndex = 0; path = "Stop Watch.app"; sourceTree = BUILT_PRODUCTS_DIR; };
		279821E21BB4F9A6009CFE09 /* Info.plist */ = {isa = PBXFileReference; lastKnownFileType = text.plist.xml; path = Info.plist; sourceTree = "<group>"; };
		279821E31BB4F9A6009CFE09 /* AppDelegate.swift */ = {isa = PBXFileReference; lastKnownFileType = sourcecode.swift; path = AppDelegate.swift; sourceTree = "<group>"; };
		279821E51BB4F9A6009CFE09 /* ViewController.swift */ = {isa = PBXFileReference; lastKnownFileType = sourcecode.swift; path = ViewController.swift; sourceTree = "<group>"; };
		279821E81BB4F9A6009CFE09 /* Base */ = {isa = PBXFileReference; lastKnownFileType = file.storyboard; name = Base; path = Base.lproj/Main.storyboard; sourceTree = "<group>"; };
		279821EA1BB4F9A6009CFE09 /* Images.xcassets */ = {isa = PBXFileReference; lastKnownFileType = folder.assetcatalog; path = Images.xcassets; sourceTree = "<group>"; };
		279821ED1BB4F9A6009CFE09 /* Base */ = {isa = PBXFileReference; lastKnownFileType = file.xib; name = Base; path = Base.lproj/LaunchScreen.xib; sourceTree = "<group>"; };
		279821F31BB4F9A6009CFE09 /* Stop WatchTests.xctest */ = {isa = PBXFileReference; explicitFileType = wrapper.cfbundle; includeInIndex = 0; path = "Stop WatchTests.xctest"; sourceTree = BUILT_PRODUCTS_DIR; };
		279821F81BB4F9A6009CFE09 /* Info.plist */ = {isa = PBXFileReference; lastKnownFileType = text.plist.xml; path = Info.plist; sourceTree = "<group>"; };
		279821F91BB4F9A6009CFE09 /* Stop_WatchTests.swift */ = {isa = PBXFileReference; lastKnownFileType = sourcecode.swift; path = Stop_WatchTests.swift; sourceTree = "<group>"; };
/* End PBXFileReference section */

/* Begin PBXFrameworksBuildPhase section */
		279821DB1BB4F9A6009CFE09 /* Frameworks */ = {
			isa = PBXFrameworksBuildPhase;
			buildActionMask = 2147483647;
			files = (
			);
			runOnlyForDeploymentPostprocessing = 0;
		};
		279821F01BB4F9A6009CFE09 /* Frameworks */ = {
			isa = PBXFrameworksBuildPhase;
			buildActionMask = 2147483647;
			files = (
			);
			runOnlyForDeploymentPostprocessing = 0;
		};
/* End PBXFrameworksBuildPhase section */

/* Begin PBXGroup section */
		279821D51BB4F9A6009CFE09 = {
			isa = PBXGroup;
			children = (
				279821E01BB4F9A6009CFE09 /* Stop Watch */,
				279821F61BB4F9A6009CFE09 /* Stop WatchTests */,
				279821DF1BB4F9A6009CFE09 /* Products */,
			);
			sourceTree = "<group>";
		};
		279821DF1BB4F9A6009CFE09 /* Products */ = {
			isa = PBXGroup;
			children = (
				279821DE1BB4F9A6009CFE09 /* Stop Watch.app */,
				279821F31BB4F9A6009CFE09 /* Stop WatchTests.xctest */,
			);
			name = Products;
			sourceTree = "<group>";
		};
		279821E01BB4F9A6009CFE09 /* Stop Watch */ = {
			isa = PBXGroup;
			children = (
				279821E31BB4F9A6009CFE09 /* AppDelegate.swift */,
				279821E51BB4F9A6009CFE09 /* ViewController.swift */,
				279821E71BB4F9A6009CFE09 /* Main.storyboard */,
				279821EA1BB4F9A6009CFE09 /* Images.xcassets */,
				279821EC1BB4F9A6009CFE09 /* LaunchScreen.xib */,
				279821E11BB4F9A6009CFE09 /* Supporting Files */,
			);
			path = "Stop Watch";
			sourceTree = "<group>";
		};
		279821E11BB4F9A6009CFE09 /* Supporting Files */ = {
			isa = PBXGroup;
			children = (
				279821E21BB4F9A6009CFE09 /* Info.plist */,
			);
			name = "Supporting Files";
			sourceTree = "<group>";
		};
		279821F61BB4F9A6009CFE09 /* Stop WatchTests */ = {
			isa = PBXGroup;
			children = (
				279821F91BB4F9A6009CFE09 /* Stop_WatchTests.swift */,
				279821F71BB4F9A6009CFE09 /* Supporting Files */,
			);
			path = "Stop WatchTests";
			sourceTree = "<group>";
		};
		279821F71BB4F9A6009CFE09 /* Supporting Files */ = {
			isa = PBXGroup;
			children = (
				279821F81BB4F9A6009CFE09 /* Info.plist */,
			);
			name = "Supporting Files";
			sourceTree = "<group>";
		};
/* End PBXGroup section */

/* Begin PBXNativeTarget section */
		279821DD1BB4F9A6009CFE09 /* Stop Watch */ = {
			isa = PBXNativeTarget;
			buildConfigurationList = 279821FD1BB4F9A6009CFE09 /* Build configuration list for PBXNativeTarget "Stop Watch" */;
			buildPhases = (
				279821DA1BB4F9A6009CFE09 /* Sources */,
				279821DB1BB4F9A6009CFE09 /* Frameworks */,
				279821DC1BB4F9A6009CFE09 /* Resources */,
			);
			buildRules = (
			);
			dependencies = (
			);
			name = "Stop Watch";
			productName = "Stop Watch";
			productReference = 279821DE1BB4F9A6009CFE09 /* Stop Watch.app */;
			productType = "com.apple.product-type.application";
		};
		279821F21BB4F9A6009CFE09 /* Stop WatchTests */ = {
			isa = PBXNativeTarget;
			buildConfigurationList = 279822001BB4F9A6009CFE09 /* Build configuration list for PBXNativeTarget "Stop WatchTests" */;
			buildPhases = (
				279821EF1BB4F9A6009CFE09 /* Sources */,
				279821F01BB4F9A6009CFE09 /* Frameworks */,
				279821F11BB4F9A6009CFE09 /* Resources */,
			);
			buildRules = (
			);
			dependencies = (
				279821F51BB4F9A6009CFE09 /* PBXTargetDependency */,
			);
			name = "Stop WatchTests";
			productName = "Stop WatchTests";
			productReference = 279821F31BB4F9A6009CFE09 /* Stop WatchTests.xctest */;
			productType = "com.apple.product-type.bundle.unit-test";
		};
/* End PBXNativeTarget section */

/* Begin PBXProject section */
		279821D61BB4F9A6009CFE09 /* Project object */ = {
			isa = PBXProject;
			attributes = {
				LastUpgradeCheck = 0640;
				ORGANIZATIONNAME = "Chris Archibald";
				TargetAttributes = {
					279821DD1BB4F9A6009CFE09 = {
						CreatedOnToolsVersion = 6.4;
					};
					279821F21BB4F9A6009CFE09 = {
						CreatedOnToolsVersion = 6.4;
						TestTargetID = 279821DD1BB4F9A6009CFE09;
					};
				};
			};
			buildConfigurationList = 279821D91BB4F9A6009CFE09 /* Build configuration list for PBXProject "Stop Watch" */;
			compatibilityVersion = "Xcode 3.2";
			developmentRegion = English;
			hasScannedForEncodings = 0;
			knownRegions = (
				en,
				Base,
			);
			mainGroup = 279821D51BB4F9A6009CFE09;
			productRefGroup = 279821DF1BB4F9A6009CFE09 /* Products */;
			projectDirPath = "";
			projectRoot = "";
			targets = (
				279821DD1BB4F9A6009CFE09 /* Stop Watch */,
				279821F21BB4F9A6009CFE09 /* Stop WatchTests */,
			);
		};
/* End PBXProject section */

/* Begin PBXResourcesBuildPhase section */
		279821DC1BB4F9A6009CFE09 /* Resources */ = {
			isa = PBXResourcesBuildPhase;
			buildActionMask = 2147483647;
			files = (
				279821E91BB4F9A6009CFE09 /* Main.storyboard in Resources */,
				279821EE1BB4F9A6009CFE09 /* LaunchScreen.xib in Resources */,
				279821EB1BB4F9A6009CFE09 /* Images.xcassets in Resources */,
			);
			runOnlyForDeploymentPostprocessing = 0;
		};
		279821F11BB4F9A6009CFE09 /* Resources */ = {
			isa = PBXResourcesBuildPhase;
			buildActionMask = 2147483647;
			files = (
			);
			runOnlyForDeploymentPostprocessing = 0;
		};
/* End PBXResourcesBuildPhase section */

/* Begin PBXSourcesBuildPhase section */
		279821DA1BB4F9A6009CFE09 /* Sources */ = {
			isa = PBXSourcesBuildPhase;
			buildActionMask = 2147483647;
			files = (
				279821E61BB4F9A6009CFE09 /* ViewController.swift in Sources */,
				279821E41BB4F9A6009CFE09 /* AppDelegate.swift in Sources */,
			);
			runOnlyForDeploymentPostprocessing = 0;
		};
		279821EF1BB4F9A6009CFE09 /* Sources */ = {
			isa = PBXSourcesBuildPhase;
			buildActionMask = 2147483647;
			files = (
				279821FA1BB4F9A6009CFE09 /* Stop_WatchTests.swift in Sources */,
			);
			runOnlyForDeploymentPostprocessing = 0;
		};
/* End PBXSourcesBuildPhase section */

/* Begin PBXTargetDependency section */
		279821F51BB4F9A6009CFE09 /* PBXTargetDependency */ = {
			isa = PBXTargetDependency;
			target = 279821DD1BB4F9A6009CFE09 /* Stop Watch */;
			targetProxy = 279821F41BB4F9A6009CFE09 /* PBXContainerItemProxy */;
		};
/* End PBXTargetDependency section */

/* Begin PBXVariantGroup section */
		279821E71BB4F9A6009CFE09 /* Main.storyboard */ = {
			isa = PBXVariantGroup;
			children = (
				279821E81BB4F9A6009CFE09 /* Base */,
			);
			name = Main.storyboard;
			sourceTree = "<group>";
		};
		279821EC1BB4F9A6009CFE09 /* LaunchScreen.xib */ = {
			isa = PBXVariantGroup;
			children = (
				279821ED1BB4F9A6009CFE09 /* Base */,
			);
			name = LaunchScreen.xib;
			sourceTree = "<group>";
		};
/* End PBXVariantGroup section */

/* Begin XCBuildConfiguration section */
		279821FB1BB4F9A6009CFE09 /* Debug */ = {
			isa = XCBuildConfiguration;
			buildSettings = {
				ALWAYS_SEARCH_USER_PATHS = NO;
				CLANG_CXX_LANGUAGE_STANDARD = "gnu++0x";
				CLANG_CXX_LIBRARY = "libc++";
				CLANG_ENABLE_MODULES = YES;
				CLANG_ENABLE_OBJC_ARC = YES;
				CLANG_WARN_BOOL_CONVERSION = YES;
				CLANG_WARN_CONSTANT_CONVERSION = YES;
				CLANG_WARN_DIRECT_OBJC_ISA_USAGE = YES_ERROR;
				CLANG_WARN_EMPTY_BODY = YES;
				CLANG_WARN_ENUM_CONVERSION = YES;
				CLANG_WARN_INT_CONVERSION = YES;
				CLANG_WARN_OBJC_ROOT_CLASS = YES_ERROR;
				CLANG_WARN_UNREACHABLE_CODE = YES;
				CLANG_WARN__DUPLICATE_METHOD_MATCH = YES;
				"CODE_SIGN_IDENTITY[sdk=iphoneos*]" = "iPhone Developer";
				COPY_PHASE_STRIP = NO;
				DEBUG_INFORMATION_FORMAT = "dwarf-with-dsym";
				ENABLE_STRICT_OBJC_MSGSEND = YES;
				GCC_C_LANGUAGE_STANDARD = gnu99;
				GCC_DYNAMIC_NO_PIC = NO;
				GCC_NO_COMMON_BLOCKS = YES;
				GCC_OPTIMIZATION_LEVEL = 0;
				GCC_PREPROCESSOR_DEFINITIONS = (
					"DEBUG=1",
					"$(inherited)",
				);
				GCC_SYMBOLS_PRIVATE_EXTERN = NO;
				GCC_WARN_64_TO_32_BIT_CONVERSION = YES;
				GCC_WARN_ABOUT_RETURN_TYPE = YES_ERROR;
				GCC_WARN_UNDECLARED_SELECTOR = YES;
				GCC_WARN_UNINITIALIZED_AUTOS = YES_AGGRESSIVE;
				GCC_WARN_UNUSED_FUNCTION = YES;
				GCC_WARN_UNUSED_VARIABLE = YES;
				IPHONEOS_DEPLOYMENT_TARGET = 8.4;
				MTL_ENABLE_DEBUG_INFO = YES;
				ONLY_ACTIVE_ARCH = YES;
				SDKROOT = iphoneos;
				SWIFT_OPTIMIZATION_LEVEL = "-Onone";
				TARGETED_DEVICE_FAMILY = "1,2";
			};
			name = Debug;
		};
		279821FC1BB4F9A6009CFE09 /* Release */ = {
			isa = XCBuildConfiguration;
			buildSettings = {
				ALWAYS_SEARCH_USER_PATHS = NO;
				CLANG_CXX_LANGUAGE_STANDARD = "gnu++0x";
				CLANG_CXX_LIBRARY = "libc++";
				CLANG_ENABLE_MODULES = YES;
				CLANG_ENABLE_OBJC_ARC = YES;
				CLANG_WARN_BOOL_CONVERSION = YES;
				CLANG_WARN_CONSTANT_CONVERSION = YES;
				CLANG_WARN_DIRECT_OBJC_ISA_USAGE = YES_ERROR;
				CLANG_WARN_EMPTY_BODY = YES;
				CLANG_WARN_ENUM_CONVERSION = YES;
				CLANG_WARN_INT_CONVERSION = YES;
				CLANG_WARN_OBJC_ROOT_CLASS = YES_ERROR;
				CLANG_WARN_UNREACHABLE_CODE = YES;
				CLANG_WARN__DUPLICATE_METHOD_MATCH = YES;
				"CODE_SIGN_IDENTITY[sdk=iphoneos*]" = "iPhone Developer";
				COPY_PHASE_STRIP = NO;
				DEBUG_INFORMATION_FORMAT = "dwarf-with-dsym";
				ENABLE_NS_ASSERTIONS = NO;
				ENABLE_STRICT_OBJC_MSGSEND = YES;
				GCC_C_LANGUAGE_STANDARD = gnu99;
				GCC_NO_COMMON_BLOCKS = YES;
				GCC_WARN_64_TO_32_BIT_CONVERSION = YES;
				GCC_WARN_ABOUT_RETURN_TYPE = YES_ERROR;
				GCC_WARN_UNDECLARED_SELECTOR = YES;
				GCC_WARN_UNINITIALIZED_AUTOS = YES_AGGRESSIVE;
				GCC_WARN_UNUSED_FUNCTION = YES;
				GCC_WARN_UNUSED_VARIABLE = YES;
				IPHONEOS_DEPLOYMENT_TARGET = 8.4;
				MTL_ENABLE_DEBUG_INFO = NO;
				SDKROOT = iphoneos;
				TARGETED_DEVICE_FAMILY = "1,2";
				VALIDATE_PRODUCT = YES;
			};
			name = Release;
		};
		279821FE1BB4F9A6009CFE09 /* Debug */ = {
			isa = XCBuildConfiguration;
			buildSettings = {
				ASSETCATALOG_COMPILER_APPICON_NAME = AppIcon;
				INFOPLIST_FILE = "Stop Watch/Info.plist";
				LD_RUNPATH_SEARCH_PATHS = "$(inherited) @executable_path/Frameworks";
				PRODUCT_NAME = "$(TARGET_NAME)";
			};
			name = Debug;
		};
		279821FF1BB4F9A6009CFE09 /* Release */ = {
			isa = XCBuildConfiguration;
			buildSettings = {
				ASSETCATALOG_COMPILER_APPICON_NAME = AppIcon;
				INFOPLIST_FILE = "Stop Watch/Info.plist";
				LD_RUNPATH_SEARCH_PATHS = "$(inherited) @executable_path/Frameworks";
				PRODUCT_NAME = "$(TARGET_NAME)";
			};
			name = Release;
		};
		279822011BB4F9A6009CFE09 /* Debug */ = {
			isa = XCBuildConfiguration;
			buildSettings = {
				BUNDLE_LOADER = "$(TEST_HOST)";
				FRAMEWORK_SEARCH_PATHS = (
					"$(SDKROOT)/Developer/Library/Frameworks",
					"$(inherited)",
				);
				GCC_PREPROCESSOR_DEFINITIONS = (
					"DEBUG=1",
					"$(inherited)",
				);
				INFOPLIST_FILE = "Stop WatchTests/Info.plist";
				LD_RUNPATH_SEARCH_PATHS = "$(inherited) @executable_path/Frameworks @loader_path/Frameworks";
				PRODUCT_NAME = "$(TARGET_NAME)";
				TEST_HOST = "$(BUILT_PRODUCTS_DIR)/Stop Watch.app/Stop Watch";
			};
			name = Debug;
		};
		279822021BB4F9A6009CFE09 /* Release */ = {
			isa = XCBuildConfiguration;
			buildSettings = {
				BUNDLE_LOADER = "$(TEST_HOST)";
				FRAMEWORK_SEARCH_PATHS = (
					"$(SDKROOT)/Developer/Library/Frameworks",
					"$(inherited)",
				);
				INFOPLIST_FILE = "Stop WatchTests/Info.plist";
				LD_RUNPATH_SEARCH_PATHS = "$(inherited) @executable_path/Frameworks @loader_path/Frameworks";
				PRODUCT_NAME = "$(TARGET_NAME)";
				TEST_HOST = "$(BUILT_PRODUCTS_DIR)/Stop Watch.app/Stop Watch";
			};
			name = Release;
		};
/* End XCBuildConfiguration section */

/* Begin XCConfigurationList section */
		279821D91BB4F9A6009CFE09 /* Build configuration list for PBXProject "Stop Watch" */ = {
			isa = XCConfigurationList;
			buildConfigurations = (
				279821FB1BB4F9A6009CFE09 /* Debug */,
				279821FC1BB4F9A6009CFE09 /* Release */,
			);
			defaultConfigurationIsVisible = 0;
			defaultConfigurationName = Release;
		};
		279821FD1BB4F9A6009CFE09 /* Build configuration list for PBXNativeTarget "Stop Watch" */ = {
			isa = XCConfigurationList;
			buildConfigurations = (
				279821FE1BB4F9A6009CFE09 /* Debug */,
				279821FF1BB4F9A6009CFE09 /* Release */,
			);
			defaultConfigurationIsVisible = 0;
		};
		279822001BB4F9A6009CFE09 /* Build configuration list for PBXNativeTarget "Stop WatchTests" */ = {
			isa = XCConfigurationList;
			buildConfigurations = (
				279822011BB4F9A6009CFE09 /* Debug */,
				279822021BB4F9A6009CFE09 /* Release */,
			);
			defaultConfigurationIsVisible = 0;
		};
/* End XCConfigurationList section */
	};
	rootObject = 279821D61BB4F9A6009CFE09 /* Project object */;
}
